
Microsoft Visual Studio Solution File, Format Version 12.00
# Visual Studio Version 17
VisualStudioVersion = 17.6.33829.357
MinimumVisualStudioVersion = 10.0.40219.1
Project("{FAE04EC0-301F-11D3-BF4B-00C04F79EFBC}") = "SF_12.1", "SF_12.1\SF_12.1.csproj", "{07F71C45-6D3F-488E-84EA-E4FCF4E2F67D}"
EndProject
Global
	GlobalSection(SolutionConfigurationPlatforms) = preSolution
		Debug|Any CPU = Debug|Any CPU
		Release|Any CPU = Release|Any CPU
	EndGlobalSection
	GlobalSection(ProjectConfigurationPlatforms) = postSolution
		{07F71C45-6D3F-488E-84EA-E4FCF4E2F67D}.Debug|Any CPU.ActiveCfg = Debug|Any CPU
		{07F71C45-6D3F-488E-84EA-E4FCF4E2F67D}.Debug|Any CPU.Build.0 = Debug|Any CPU
		{07F71C45-6D3F-488E-84EA-E4FCF4E2F67D}.Release|Any CPU.ActiveCfg = Release|Any CPU
		{07F71C45-6D3F-488E-84EA-E4FCF4E2F67D}.Release|Any CPU.Build.0 = Release|Any CPU
	EndGlobalSection
	GlobalSection(SolutionProperties) = preSolution
		HideSolutionNode = FALSE
	EndGlobalSection
	GlobalSection(ExtensibilityGlobals) = postSolution
		SolutionGuid = {FD106CF4-051B-4603-B3BB-18660B9BB457}
	EndGlobalSection
EndGlobal
